
Microsoft Visual Studio Solution File, Format Version 12.00
# Visual Studio 2013
VisualStudioVersion = 12.0.31101.0
MinimumVisualStudioVersion = 10.0.40219.1
Project("{FAE04EC0-301F-11D3-BF4B-00C04F79EFBC}") = "MercurialWrapper", "MercurialWrapper\MercurialWrapper.csproj", "{9D709B70-4E0D-4C04-93A7-620C8AC82A49}"
EndProject
Project("{FAE04EC0-301F-11D3-BF4B-00C04F79EFBC}") = "doe.Common", "..\..\CommonCSharpStuff\src\doe.Common\doe.Common.csproj", "{2776BCF2-3F63-4B6E-B94A-93856B88675F}"
EndProject
Project("{FAE04EC0-301F-11D3-BF4B-00C04F79EFBC}") = "MercurialWrapper_Test", "MercurialWrapper_Test\MercurialWrapper_Test.csproj", "{7051CDC6-C9F5-462A-B299-E0ACFF839A8A}"
EndProject
Global
	GlobalSection(SolutionConfigurationPlatforms) = preSolution
		Debug|Any CPU = Debug|Any CPU
		Release|Any CPU = Release|Any CPU
	EndGlobalSection
	GlobalSection(ProjectConfigurationPlatforms) = postSolution
		{9D709B70-4E0D-4C04-93A7-620C8AC82A49}.Debug|Any CPU.ActiveCfg = Debug|Any CPU
		{9D709B70-4E0D-4C04-93A7-620C8AC82A49}.Debug|Any CPU.Build.0 = Debug|Any CPU
		{9D709B70-4E0D-4C04-93A7-620C8AC82A49}.Release|Any CPU.ActiveCfg = Release|Any CPU
		{9D709B70-4E0D-4C04-93A7-620C8AC82A49}.Release|Any CPU.Build.0 = Release|Any CPU
		{2776BCF2-3F63-4B6E-B94A-93856B88675F}.Debug|Any CPU.ActiveCfg = Debug|Any CPU
		{2776BCF2-3F63-4B6E-B94A-93856B88675F}.Debug|Any CPU.Build.0 = Debug|Any CPU
		{2776BCF2-3F63-4B6E-B94A-93856B88675F}.Release|Any CPU.ActiveCfg = Release|Any CPU
		{2776BCF2-3F63-4B6E-B94A-93856B88675F}.Release|Any CPU.Build.0 = Release|Any CPU
		{7051CDC6-C9F5-462A-B299-E0ACFF839A8A}.Debug|Any CPU.ActiveCfg = Debug|Any CPU
		{7051CDC6-C9F5-462A-B299-E0ACFF839A8A}.Debug|Any CPU.Build.0 = Debug|Any CPU
		{7051CDC6-C9F5-462A-B299-E0ACFF839A8A}.Release|Any CPU.ActiveCfg = Release|Any CPU
		{7051CDC6-C9F5-462A-B299-E0ACFF839A8A}.Release|Any CPU.Build.0 = Release|Any CPU
	EndGlobalSection
	GlobalSection(SolutionProperties) = preSolution
		HideSolutionNode = FALSE
	EndGlobalSection
EndGlobal
